# THIS IS AN AUTOGENERATED FILE. DO NOT EDIT THIS FILE DIRECTLY.
# yarn lockfile v1


"@babel/runtime@^7.0.0":
  version "7.1.5"
  resolved "https://registry.yarnpkg.com/@babel/runtime/-/runtime-7.1.5.tgz#4170907641cf1f61508f563ece3725150cc6fe39"
  dependencies:
    regenerator-runtime "^0.12.0"

gatsby-plugin-create-client-paths@^2.0.2:
  version "2.0.2"
  resolved "https://registry.yarnpkg.com/gatsby-plugin-create-client-paths/-/gatsby-plugin-create-client-paths-2.0.2.tgz#756bc01fd7dc22ac02029a7154126445636b6097"
  dependencies:
    "@babel/runtime" "^7.0.0"

regenerator-runtime@^0.12.0:
  version "0.12.1"
  resolved "https://registry.yarnpkg.com/regenerator-runtime/-/regenerator-runtime-0.12.1.tgz#fa1a71544764c036f8c49b13a08b2594c9f8a0de"
